
Microsoft Visual Studio Solution File, Format Version 12.00
# Visual Studio Version 17
VisualStudioVersion = 17.14.36804.6 d17.14
MinimumVisualStudioVersion = 10.0.40219.1
Project("{FAE04EC0-301F-11D3-BF4B-00C04F79EFBC}") = "PortafolioAPI", "PortafolioAPI.csproj", "{BBCFB9B3-8B30-45F1-B9FE-69474E6D599E}"
EndProject
Global
	GlobalSection(SolutionConfigurationPlatforms) = preSolution
		Debug|Any CPU = Debug|Any CPU
		Release|Any CPU = Release|Any CPU
	EndGlobalSection
	GlobalSection(ProjectConfigurationPlatforms) = postSolution
		{BBCFB9B3-8B30-45F1-B9FE-69474E6D599E}.Debug|Any CPU.ActiveCfg = Debug|Any CPU
		{BBCFB9B3-8B30-45F1-B9FE-69474E6D599E}.Debug|Any CPU.Build.0 = Debug|Any CPU
		{BBCFB9B3-8B30-45F1-B9FE-69474E6D599E}.Release|Any CPU.ActiveCfg = Release|Any CPU
		{BBCFB9B3-8B30-45F1-B9FE-69474E6D599E}.Release|Any CPU.Build.0 = Release|Any CPU
	EndGlobalSection
	GlobalSection(SolutionProperties) = preSolution
		HideSolutionNode = FALSE
	EndGlobalSection
	GlobalSection(ExtensibilityGlobals) = postSolution
		SolutionGuid = {3034913D-FF3D-4426-8630-3E640A206FEE}
	EndGlobalSection
EndGlobal
